lockVersion: 2.0.0
id: 39b52531-a9b8-476d-8a82-4d63bed7d944
management:
  docChecksum: 5fa7e0c88f526d37d5ff49917d1c5693
  docVersion: v2023.10.0
  speakeasyVersion: internal
  generationVersion: 2.272.4
  releaseVersion: 0.5.2
  configChecksum: eb167ca3c55a146eb8149433e377c351
  repoURL: https://github.com/speakeasy-sdks/risk-go.git
  repoSubDirectory: .
  installationURL: https://github.com/speakeasy-sdks/risk-go
  published: true
features:
  go:
    constsAndDefaults: 0.1.3
    core: 3.4.3
    globalSecurity: 2.82.7
    globalServerURLs: 2.82.1
    methodSecurity: 2.82.2
    nameOverrides: 2.81.1
generatedFiles:
  - authentication.go
  - application.go
  - field.go
  - record.go
  - step.go
  - workflowmap.go
  - workflow.go
  - riskcloudapi.go
  - go.mod
  - pkg/models/sdkerrors/sdkerror.go
  - pkg/types/bigint.go
  - pkg/types/date.go
  - pkg/types/datetime.go
  - pkg/types/decimal.go
  - pkg/types/pointers.go
  - pkg/utils/contenttype.go
  - pkg/utils/form.go
  - pkg/utils/headers.go
  - pkg/utils/json.go
  - pkg/utils/pathparams.go
  - pkg/utils/queryparams.go
  - pkg/utils/requestbody.go
  - pkg/utils/retries.go
  - pkg/utils/security.go
  - pkg/utils/utils.go
  - /pkg/models/operations/getapitoken.go
  - /pkg/models/operations/createapplication.go
  - /pkg/models/operations/deleteapplication.go
  - /pkg/models/operations/readapplication.go
  - /pkg/models/operations/readallapplications.go
  - /pkg/models/operations/update1.go
  - /pkg/models/operations/readallfields.go
  - /pkg/models/operations/readallrecords.go
  - /pkg/models/operations/createstep.go
  - /pkg/models/operations/deletestep.go
  - /pkg/models/operations/readstep.go
  - /pkg/models/operations/readallsteps.go
  - /pkg/models/operations/update.go
  - /pkg/models/operations/createworkflowmap.go
  - /pkg/models/operations/deleteworkflowmap.go
  - /pkg/models/operations/readworkflowmap.go
  - /pkg/models/operations/readallworkflowmaps.go
  - /pkg/models/operations/updateworkflowmap.go
  - /pkg/models/operations/createworkflow.go
  - /pkg/models/operations/deleteworkflow.go
  - /pkg/models/operations/readworkflow.go
  - /pkg/models/operations/readallworkflows.go
  - /pkg/models/operations/updateworkflow.go
  - /pkg/models/shared/legacyapitokenout.go
  - /pkg/models/shared/applicationapiout.go
  - /pkg/models/shared/applicationapicreatein.go
  - /pkg/models/shared/appactionresponse.go
  - /pkg/models/shared/pagemodeloutapplicationapiout.go
  - /pkg/models/shared/pageinfoout.go
  - /pkg/models/shared/pagelinksout.go
  - /pkg/models/shared/applicationapiupdatein.go
  - /pkg/models/shared/pagemodeloutfieldapiout.go
  - /pkg/models/shared/fieldapiout.go
  - /pkg/models/shared/workflowpropertyapiout.go
  - /pkg/models/shared/valuepropertyapiout.go
  - /pkg/models/shared/applicationpropertyapiout.go
  - /pkg/models/shared/pagemodeloutrecordapiout.go
  - /pkg/models/shared/recordapiout.go
  - /pkg/models/shared/steppropertyapiout.go
  - /pkg/models/shared/fieldrecordapiout.go
  - /pkg/models/shared/recorddatesapiout.go
  - /pkg/models/shared/userpropertyapiout.go
  - /pkg/models/shared/stepapiout.go
  - /pkg/models/shared/stepapicreatein.go
  - /pkg/models/shared/pagemodeloutstepapiout.go
  - /pkg/models/shared/stepapiupdatein.go
  - /pkg/models/shared/workflowmapapiout.go
  - /pkg/models/shared/workflowmapapicreatein.go
  - /pkg/models/shared/pagemodeloutworkflowmapapiout.go
  - /pkg/models/shared/workflowmapapiupdatein.go
  - /pkg/models/shared/workflowapiout.go
  - /pkg/models/shared/workflowapicreatein.go
  - /pkg/models/shared/pagemodeloutworkflowapiout.go
  - /pkg/models/shared/workflowapiupdatein.go
  - /pkg/models/shared/security.go
  - /pkg/models/shared/schemebasic.go
  - docs/pkg/models/operations/getapitokensecurity.md
  - docs/pkg/models/operations/getapitokenrequest.md
  - docs/pkg/models/operations/getapitokenresponse.md
  - docs/pkg/models/operations/createapplicationrequest.md
  - docs/pkg/models/operations/createapplicationresponse.md
  - docs/pkg/models/operations/deleteapplicationrequest.md
  - docs/pkg/models/operations/deleteapplicationresponse.md
  - docs/pkg/models/operations/readapplicationrequest.md
  - docs/pkg/models/operations/readapplicationresponse.md
  - docs/pkg/models/operations/readallapplicationsrequest.md
  - docs/pkg/models/operations/readallapplicationsresponse.md
  - docs/pkg/models/operations/update1request.md
  - docs/pkg/models/operations/update1response.md
  - docs/pkg/models/operations/fieldtypefilter.md
  - docs/pkg/models/operations/readallfieldsrequest.md
  - docs/pkg/models/operations/readallfieldsresponse.md
  - docs/pkg/models/operations/readallrecordsrequest.md
  - docs/pkg/models/operations/readallrecordsresponse.md
  - docs/pkg/models/operations/createsteprequest.md
  - docs/pkg/models/operations/createstepresponse.md
  - docs/pkg/models/operations/deletesteprequest.md
  - docs/pkg/models/operations/deletestepresponse.md
  - docs/pkg/models/operations/readsteprequest.md
  - docs/pkg/models/operations/readstepresponse.md
  - docs/pkg/models/operations/readallstepsrequest.md
  - docs/pkg/models/operations/readallstepsresponse.md
  - docs/pkg/models/operations/updaterequest.md
  - docs/pkg/models/operations/updateresponse.md
  - docs/pkg/models/operations/createworkflowmaprequest.md
  - docs/pkg/models/operations/createworkflowmapresponse.md
  - docs/pkg/models/operations/deleteworkflowmaprequest.md
  - docs/pkg/models/operations/deleteworkflowmapresponse.md
  - docs/pkg/models/operations/readworkflowmaprequest.md
  - docs/pkg/models/operations/readworkflowmapresponse.md
  - docs/pkg/models/operations/readallworkflowmapsrequest.md
  - docs/pkg/models/operations/readallworkflowmapsresponse.md
  - docs/pkg/models/operations/updateworkflowmaprequest.md
  - docs/pkg/models/operations/updateworkflowmapresponse.md
  - docs/pkg/models/operations/createworkflowrequest.md
  - docs/pkg/models/operations/createworkflowresponse.md
  - docs/pkg/models/operations/deleteworkflowrequest.md
  - docs/pkg/models/operations/deleteworkflowresponse.md
  - docs/pkg/models/operations/readworkflowrequest.md
  - docs/pkg/models/operations/readworkflowresponse.md
  - docs/pkg/models/operations/readallworkflowsrequest.md
  - docs/pkg/models/operations/readallworkflowsresponse.md
  - docs/pkg/models/operations/updateworkflowrequest.md
  - docs/pkg/models/operations/updateworkflowresponse.md
  - docs/pkg/models/shared/legacyapitokenout.md
  - docs/pkg/models/shared/applicationapiouticon.md
  - docs/pkg/models/shared/applicationapiouttype.md
  - docs/pkg/models/shared/applicationapiout.md
  - docs/pkg/models/shared/icon.md
  - docs/pkg/models/shared/type.md
  - docs/pkg/models/shared/applicationapicreatein.md
  - docs/pkg/models/shared/appactionresponse.md
  - docs/pkg/models/shared/pagemodeloutapplicationapiout.md
  - docs/pkg/models/shared/pageinfoout.md
  - docs/pkg/models/shared/pagelinksout.md
  - docs/pkg/models/shared/applicationapiupdateinicon.md
  - docs/pkg/models/shared/applicationapiupdateintype.md
  - docs/pkg/models/shared/applicationapiupdatein.md
  - docs/pkg/models/shared/pagemodeloutfieldapiout.md
  - docs/pkg/models/shared/fieldtype.md
  - docs/pkg/models/shared/valuetype.md
  - docs/pkg/models/shared/fieldapiout.md
  - docs/pkg/models/shared/workflowpropertyapiout.md
  - docs/pkg/models/shared/valuepropertyapiouttype.md
  - docs/pkg/models/shared/valuepropertyapiout.md
  - docs/pkg/models/shared/applicationpropertyapiouttype.md
  - docs/pkg/models/shared/applicationpropertyapiout.md
  - docs/pkg/models/shared/pagemodeloutrecordapiout.md
  - docs/pkg/models/shared/status.md
  - docs/pkg/models/shared/recordapiout.md
  - docs/pkg/models/shared/steppropertyapiouttype.md
  - docs/pkg/models/shared/steppropertyapiout.md
  - docs/pkg/models/shared/fieldrecordapioutfieldtype.md
  - docs/pkg/models/shared/fieldrecordapioutvaluetype.md
  - docs/pkg/models/shared/fieldrecordapiout.md
  - docs/pkg/models/shared/recorddatesapiout.md
  - docs/pkg/models/shared/userpropertyapiout.md
  - docs/pkg/models/shared/stepapioutassignableusertype.md
  - docs/pkg/models/shared/stepapiouttype.md
  - docs/pkg/models/shared/stepapiout.md
  - docs/pkg/models/shared/assignableusertype.md
  - docs/pkg/models/shared/stepapicreatein.md
  - docs/pkg/models/shared/pagemodeloutstepapiout.md
  - docs/pkg/models/shared/stepapiupdateinassignableusertype.md
  - docs/pkg/models/shared/stepapiupdateintype.md
  - docs/pkg/models/shared/stepapiupdatein.md
  - docs/pkg/models/shared/workflowmapapioutrelationship.md
  - docs/pkg/models/shared/workflowmapapiout.md
  - docs/pkg/models/shared/relationship.md
  - docs/pkg/models/shared/workflowmapapicreatein.md
  - docs/pkg/models/shared/pagemodeloutworkflowmapapiout.md
  - docs/pkg/models/shared/workflowmapapiupdateinrelationship.md
  - docs/pkg/models/shared/workflowmapapiupdatein.md
  - docs/pkg/models/shared/workflowapiout.md
  - docs/pkg/models/shared/workflowapicreatein.md
  - docs/pkg/models/shared/pagemodeloutworkflowapiout.md
  - docs/pkg/models/shared/workflowapiupdatein.md
  - docs/pkg/models/shared/security.md
  - docs/pkg/models/shared/schemebasic.md
  - docs/sdks/riskcloudapi/README.md
  - docs/sdks/authentication/README.md
  - docs/sdks/application/README.md
  - docs/sdks/field/README.md
  - docs/sdks/record/README.md
  - docs/sdks/step/README.md
  - docs/sdks/workflowmap/README.md
  - docs/sdks/workflow/README.md
  - USAGE.md
  - .gitattributes
  - internal/hooks/hooks.go
